
Microsoft Visual Studio Solution File, Format Version 12.00
# Visual Studio Version 17
VisualStudioVersion = 17.7.34024.191
MinimumVisualStudioVersion = 10.0.40219.1
Project("{FAE04EC0-301F-11D3-BF4B-00C04F79EFBC}") = "EjemploColecciones", "EjemploColecciones.csproj", "{F17D8D05-7C20-4819-9109-83485FE0ACDB}"
EndProject
Global
	GlobalSection(SolutionConfigurationPlatforms) = preSolution
		Debug|Any CPU = Debug|Any CPU
		Release|Any CPU = Release|Any CPU
	EndGlobalSection
	GlobalSection(ProjectConfigurationPlatforms) = postSolution
		{F17D8D05-7C20-4819-9109-83485FE0ACDB}.Debug|Any CPU.ActiveCfg = Debug|Any CPU
		{F17D8D05-7C20-4819-9109-83485FE0ACDB}.Debug|Any CPU.Build.0 = Debug|Any CPU
		{F17D8D05-7C20-4819-9109-83485FE0ACDB}.Release|Any CPU.ActiveCfg = Release|Any CPU
		{F17D8D05-7C20-4819-9109-83485FE0ACDB}.Release|Any CPU.Build.0 = Release|Any CPU
	EndGlobalSection
	GlobalSection(SolutionProperties) = preSolution
		HideSolutionNode = FALSE
	EndGlobalSection
	GlobalSection(ExtensibilityGlobals) = postSolution
		SolutionGuid = {FE551BE6-6798-4779-93EA-64D5D5011155}
	EndGlobalSection
EndGlobal
