
Microsoft Visual Studio Solution File, Format Version 12.00
# Visual Studio Version 17
VisualStudioVersion = 17.1.32421.90
MinimumVisualStudioVersion = 10.0.40219.1
Project("{FAE04EC0-301F-11D3-BF4B-00C04F79EFBC}") = "EjemploControlesHTML", "EjemploControlesHTML.csproj", "{75EE89C6-5883-4AA9-B0C1-579EB012177B}"
EndProject
Global
	GlobalSection(SolutionConfigurationPlatforms) = preSolution
		Debug|Any CPU = Debug|Any CPU
		Release|Any CPU = Release|Any CPU
	EndGlobalSection
	GlobalSection(ProjectConfigurationPlatforms) = postSolution
		{75EE89C6-5883-4AA9-B0C1-579EB012177B}.Debug|Any CPU.ActiveCfg = Debug|Any CPU
		{75EE89C6-5883-4AA9-B0C1-579EB012177B}.Debug|Any CPU.Build.0 = Debug|Any CPU
		{75EE89C6-5883-4AA9-B0C1-579EB012177B}.Release|Any CPU.ActiveCfg = Release|Any CPU
		{75EE89C6-5883-4AA9-B0C1-579EB012177B}.Release|Any CPU.Build.0 = Release|Any CPU
	EndGlobalSection
	GlobalSection(SolutionProperties) = preSolution
		HideSolutionNode = FALSE
	EndGlobalSection
	GlobalSection(ExtensibilityGlobals) = postSolution
		SolutionGuid = {6CA6EEA4-A9B9-42E8-9D39-3EF098B4E7BE}
	EndGlobalSection
EndGlobal
