
Microsoft Visual Studio Solution File, Format Version 12.00
# Visual Studio Version 17
VisualStudioVersion = 17.7.34031.279
MinimumVisualStudioVersion = 10.0.40219.1
Project("{FAE04EC0-301F-11D3-BF4B-00C04F79EFBC}") = "Ejercicio6P1", "Ejercicio6P1\Ejercicio6P1.csproj", "{F73A9B6D-3D30-4106-9CF7-4EED285A48A5}"
EndProject
Global
	GlobalSection(SolutionConfigurationPlatforms) = preSolution
		Debug|Any CPU = Debug|Any CPU
		Release|Any CPU = Release|Any CPU
	EndGlobalSection
	GlobalSection(ProjectConfigurationPlatforms) = postSolution
		{F73A9B6D-3D30-4106-9CF7-4EED285A48A5}.Debug|Any CPU.ActiveCfg = Debug|Any CPU
		{F73A9B6D-3D30-4106-9CF7-4EED285A48A5}.Debug|Any CPU.Build.0 = Debug|Any CPU
		{F73A9B6D-3D30-4106-9CF7-4EED285A48A5}.Release|Any CPU.ActiveCfg = Release|Any CPU
		{F73A9B6D-3D30-4106-9CF7-4EED285A48A5}.Release|Any CPU.Build.0 = Release|Any CPU
	EndGlobalSection
	GlobalSection(SolutionProperties) = preSolution
		HideSolutionNode = FALSE
	EndGlobalSection
	GlobalSection(ExtensibilityGlobals) = postSolution
		SolutionGuid = {14EDC32D-6898-48C4-B1BB-E04C67DF6E35}
	EndGlobalSection
EndGlobal
