
Microsoft Visual Studio Solution File, Format Version 12.00
# Visual Studio Version 17
VisualStudioVersion = 17.7.34302.85
MinimumVisualStudioVersion = 10.0.40219.1
Project("{FAE04EC0-301F-11D3-BF4B-00C04F79EFBC}") = "Practica3-Formularios-Ejercicio1", "Practica3-Formularios-Ejercicio1.csproj", "{D66EF599-8ABC-4F85-8E07-95FFF98160C2}"
EndProject
Global
	GlobalSection(SolutionConfigurationPlatforms) = preSolution
		Debug|Any CPU = Debug|Any CPU
		Release|Any CPU = Release|Any CPU
	EndGlobalSection
	GlobalSection(ProjectConfigurationPlatforms) = postSolution
		{D66EF599-8ABC-4F85-8E07-95FFF98160C2}.Debug|Any CPU.ActiveCfg = Debug|Any CPU
		{D66EF599-8ABC-4F85-8E07-95FFF98160C2}.Debug|Any CPU.Build.0 = Debug|Any CPU
		{D66EF599-8ABC-4F85-8E07-95FFF98160C2}.Release|Any CPU.ActiveCfg = Release|Any CPU
		{D66EF599-8ABC-4F85-8E07-95FFF98160C2}.Release|Any CPU.Build.0 = Release|Any CPU
	EndGlobalSection
	GlobalSection(SolutionProperties) = preSolution
		HideSolutionNode = FALSE
	EndGlobalSection
	GlobalSection(ExtensibilityGlobals) = postSolution
		SolutionGuid = {EE4D3EE6-45F2-4F44-A7D2-2EEB13378631}
	EndGlobalSection
EndGlobal
