
Microsoft Visual Studio Solution File, Format Version 12.00
# Visual Studio Version 17
VisualStudioVersion = 17.1.32421.90
MinimumVisualStudioVersion = 10.0.40219.1
Project("{FAE04EC0-301F-11D3-BF4B-00C04F79EFBC}") = "P3Ejercicio2", "P3Ejercicio2.csproj", "{D16925D8-9E30-4590-AC46-C36EB69A4DCF}"
EndProject
Global
	GlobalSection(SolutionConfigurationPlatforms) = preSolution
		Debug|Any CPU = Debug|Any CPU
		Release|Any CPU = Release|Any CPU
	EndGlobalSection
	GlobalSection(ProjectConfigurationPlatforms) = postSolution
		{D16925D8-9E30-4590-AC46-C36EB69A4DCF}.Debug|Any CPU.ActiveCfg = Debug|Any CPU
		{D16925D8-9E30-4590-AC46-C36EB69A4DCF}.Debug|Any CPU.Build.0 = Debug|Any CPU
		{D16925D8-9E30-4590-AC46-C36EB69A4DCF}.Release|Any CPU.ActiveCfg = Release|Any CPU
		{D16925D8-9E30-4590-AC46-C36EB69A4DCF}.Release|Any CPU.Build.0 = Release|Any CPU
	EndGlobalSection
	GlobalSection(SolutionProperties) = preSolution
		HideSolutionNode = FALSE
	EndGlobalSection
	GlobalSection(ExtensibilityGlobals) = postSolution
		SolutionGuid = {B4540CB8-15FD-4874-9C55-8C31583A0482}
	EndGlobalSection
EndGlobal
