
Microsoft Visual Studio Solution File, Format Version 12.00
# Visual Studio Version 17
VisualStudioVersion = 17.7.34031.279
MinimumVisualStudioVersion = 10.0.40219.1
Project("{FAE04EC0-301F-11D3-BF4B-00C04F79EFBC}") = "Practica_1", "Practica_1\Practica_1.csproj", "{47497F73-BF7F-4D80-8CF7-5C747F06930A}"
EndProject
Global
	GlobalSection(SolutionConfigurationPlatforms) = preSolution
		Debug|Any CPU = Debug|Any CPU
		Release|Any CPU = Release|Any CPU
	EndGlobalSection
	GlobalSection(ProjectConfigurationPlatforms) = postSolution
		{47497F73-BF7F-4D80-8CF7-5C747F06930A}.Debug|Any CPU.ActiveCfg = Debug|Any CPU
		{47497F73-BF7F-4D80-8CF7-5C747F06930A}.Debug|Any CPU.Build.0 = Debug|Any CPU
		{47497F73-BF7F-4D80-8CF7-5C747F06930A}.Release|Any CPU.ActiveCfg = Release|Any CPU
		{47497F73-BF7F-4D80-8CF7-5C747F06930A}.Release|Any CPU.Build.0 = Release|Any CPU
	EndGlobalSection
	GlobalSection(SolutionProperties) = preSolution
		HideSolutionNode = FALSE
	EndGlobalSection
	GlobalSection(ExtensibilityGlobals) = postSolution
		SolutionGuid = {98417D99-7915-462B-BBA0-997D5B94215A}
	EndGlobalSection
EndGlobal
