
Microsoft Visual Studio Solution File, Format Version 12.00
# Visual Studio Version 17
VisualStudioVersion = 17.7.34031.279
MinimumVisualStudioVersion = 10.0.40219.1
Project("{FAE04EC0-301F-11D3-BF4B-00C04F79EFBC}") = "ExamenASPNRODRIGO", "ExamenASPNRODRIGO\ExamenASPNRODRIGO.csproj", "{7FB28024-28DA-4AA0-A669-4F626BAF423B}"
EndProject
Global
	GlobalSection(SolutionConfigurationPlatforms) = preSolution
		Debug|Any CPU = Debug|Any CPU
		Release|Any CPU = Release|Any CPU
	EndGlobalSection
	GlobalSection(ProjectConfigurationPlatforms) = postSolution
		{7FB28024-28DA-4AA0-A669-4F626BAF423B}.Debug|Any CPU.ActiveCfg = Debug|Any CPU
		{7FB28024-28DA-4AA0-A669-4F626BAF423B}.Debug|Any CPU.Build.0 = Debug|Any CPU
		{7FB28024-28DA-4AA0-A669-4F626BAF423B}.Release|Any CPU.ActiveCfg = Release|Any CPU
		{7FB28024-28DA-4AA0-A669-4F626BAF423B}.Release|Any CPU.Build.0 = Release|Any CPU
	EndGlobalSection
	GlobalSection(SolutionProperties) = preSolution
		HideSolutionNode = FALSE
	EndGlobalSection
	GlobalSection(ExtensibilityGlobals) = postSolution
		SolutionGuid = {F856044C-47C1-460A-AE77-E7F2CB50A6F7}
	EndGlobalSection
EndGlobal
