
Microsoft Visual Studio Solution File, Format Version 12.00
# Visual Studio Version 17
VisualStudioVersion = 17.1.32421.90
MinimumVisualStudioVersion = 10.0.40219.1
Project("{FAE04EC0-301F-11D3-BF4B-00C04F79EFBC}") = "EjemploServiciosTipo", "EjemploServiciosTipo.csproj", "{AB3F5F07-DA14-4D3A-A0F5-AD7C89114637}"
EndProject
Global
	GlobalSection(SolutionConfigurationPlatforms) = preSolution
		Debug|Any CPU = Debug|Any CPU
		Release|Any CPU = Release|Any CPU
	EndGlobalSection
	GlobalSection(ProjectConfigurationPlatforms) = postSolution
		{AB3F5F07-DA14-4D3A-A0F5-AD7C89114637}.Debug|Any CPU.ActiveCfg = Debug|Any CPU
		{AB3F5F07-DA14-4D3A-A0F5-AD7C89114637}.Debug|Any CPU.Build.0 = Debug|Any CPU
		{AB3F5F07-DA14-4D3A-A0F5-AD7C89114637}.Release|Any CPU.ActiveCfg = Release|Any CPU
		{AB3F5F07-DA14-4D3A-A0F5-AD7C89114637}.Release|Any CPU.Build.0 = Release|Any CPU
	EndGlobalSection
	GlobalSection(SolutionProperties) = preSolution
		HideSolutionNode = FALSE
	EndGlobalSection
	GlobalSection(ExtensibilityGlobals) = postSolution
		SolutionGuid = {22A89684-C75B-4121-9536-2680F656555C}
	EndGlobalSection
EndGlobal
