
Microsoft Visual Studio Solution File, Format Version 12.00
# Visual Studio Version 17
VisualStudioVersion = 17.7.34024.191
MinimumVisualStudioVersion = 10.0.40219.1
Project("{FAE04EC0-301F-11D3-BF4B-00C04F79EFBC}") = "Ejercicio4P1", "Ejercicio4P1\Ejercicio4P1.csproj", "{4E633925-4EFB-4251-9DDB-1EAF2E027079}"
EndProject
Global
	GlobalSection(SolutionConfigurationPlatforms) = preSolution
		Debug|Any CPU = Debug|Any CPU
		Release|Any CPU = Release|Any CPU
	EndGlobalSection
	GlobalSection(ProjectConfigurationPlatforms) = postSolution
		{4E633925-4EFB-4251-9DDB-1EAF2E027079}.Debug|Any CPU.ActiveCfg = Debug|Any CPU
		{4E633925-4EFB-4251-9DDB-1EAF2E027079}.Debug|Any CPU.Build.0 = Debug|Any CPU
		{4E633925-4EFB-4251-9DDB-1EAF2E027079}.Release|Any CPU.ActiveCfg = Release|Any CPU
		{4E633925-4EFB-4251-9DDB-1EAF2E027079}.Release|Any CPU.Build.0 = Release|Any CPU
	EndGlobalSection
	GlobalSection(SolutionProperties) = preSolution
		HideSolutionNode = FALSE
	EndGlobalSection
	GlobalSection(ExtensibilityGlobals) = postSolution
		SolutionGuid = {7E66576D-189D-47D8-9021-B45B2EE23C7C}
	EndGlobalSection
EndGlobal
