
Microsoft Visual Studio Solution File, Format Version 12.00
# Visual Studio Version 17
VisualStudioVersion = 17.8.34309.116
MinimumVisualStudioVersion = 10.0.40219.1
Project("{FAE04EC0-301F-11D3-BF4B-00C04F79EFBC}") = "Practica3-Formularios-Ejercicio2", "Practica3-Formularios-Ejercicio2.csproj", "{88E88A6E-FD70-40CC-84AD-E612E1137885}"
EndProject
Global
	GlobalSection(SolutionConfigurationPlatforms) = preSolution
		Debug|Any CPU = Debug|Any CPU
		Release|Any CPU = Release|Any CPU
	EndGlobalSection
	GlobalSection(ProjectConfigurationPlatforms) = postSolution
		{88E88A6E-FD70-40CC-84AD-E612E1137885}.Debug|Any CPU.ActiveCfg = Debug|Any CPU
		{88E88A6E-FD70-40CC-84AD-E612E1137885}.Debug|Any CPU.Build.0 = Debug|Any CPU
		{88E88A6E-FD70-40CC-84AD-E612E1137885}.Release|Any CPU.ActiveCfg = Release|Any CPU
		{88E88A6E-FD70-40CC-84AD-E612E1137885}.Release|Any CPU.Build.0 = Release|Any CPU
	EndGlobalSection
	GlobalSection(SolutionProperties) = preSolution
		HideSolutionNode = FALSE
	EndGlobalSection
	GlobalSection(ExtensibilityGlobals) = postSolution
		SolutionGuid = {F8074BA7-AE88-4AE9-949C-D9C150468B6B}
	EndGlobalSection
EndGlobal
